// !$*UTF8*$!
{
	archiveVersion = 1;
	classes = {
	};
	objectVersion = 56;
	objects = {

/* Begin PBXBuildFile section */
		AC0DADFA2A2A024600B7F4F9 /* SceneDelegate.swift in Sources */ = {isa = PBXBuildFile; fileRef = AC0DADF92A2A024600B7F4F9 /* SceneDelegate.swift */; };
		AC0DADFC2A2A05B500B7F4F9 /* RootCoordinator.swift in Sources */ = {isa = PBXBuildFile; fileRef = AC0DADFB2A2A05B500B7F4F9 /* RootCoordinator.swift */; };
		AC0DAE032A2A0A5B00B7F4F9 /* MainScreenCoordinator.swift in Sources */ = {isa = PBXBuildFile; fileRef = AC0DAE022A2A0A5B00B7F4F9 /* MainScreenCoordinator.swift */; };
		AC0DAE052A2A0B0500B7F4F9 /* Coordinator.swift in Sources */ = {isa = PBXBuildFile; fileRef = AC0DAE042A2A0B0500B7F4F9 /* Coordinator.swift */; };
		ACD783612A3793F900B3D180 /* DataManager.swift in Sources */ = {isa = PBXBuildFile; fileRef = ACD783602A3793F900B3D180 /* DataManager.swift */; };
		ACF2F81D2A12A691000DBDB4 /* AppDelegate.swift in Sources */ = {isa = PBXBuildFile; fileRef = ACF2F81C2A12A691000DBDB4 /* AppDelegate.swift */; };
		ACF2F8262A12A693000DBDB4 /* Assets.xcassets in Resources */ = {isa = PBXBuildFile; fileRef = ACF2F8252A12A693000DBDB4 /* Assets.xcassets */; };
		ACF2F8292A12A693000DBDB4 /* LaunchScreen.storyboard in Resources */ = {isa = PBXBuildFile; fileRef = ACF2F8272A12A693000DBDB4 /* LaunchScreen.storyboard */; };
		ACF2F8352A178F4D000DBDB4 /* MainScreenFactory.swift in Sources */ = {isa = PBXBuildFile; fileRef = ACF2F8302A178F4D000DBDB4 /* MainScreenFactory.swift */; };
		ACF2F8362A178F4D000DBDB4 /* MainScreenViewController.swift in Sources */ = {isa = PBXBuildFile; fileRef = ACF2F8312A178F4D000DBDB4 /* MainScreenViewController.swift */; };
		ACF2F8372A178F4D000DBDB4 /* MainScreenAssembly.swift in Sources */ = {isa = PBXBuildFile; fileRef = ACF2F8322A178F4D000DBDB4 /* MainScreenAssembly.swift */; };
		ACF2F8382A178F4D000DBDB4 /* MainScreenInteractor.swift in Sources */ = {isa = PBXBuildFile; fileRef = ACF2F8332A178F4D000DBDB4 /* MainScreenInteractor.swift */; };
		ACF2F8392A178F4D000DBDB4 /* MainScreenView.swift in Sources */ = {isa = PBXBuildFile; fileRef = ACF2F8342A178F4D000DBDB4 /* MainScreenView.swift */; };
/* End PBXBuildFile section */

/* Begin PBXFileReference section */
		AC0DADF92A2A024600B7F4F9 /* SceneDelegate.swift */ = {isa = PBXFileReference; lastKnownFileType = sourcecode.swift; path = SceneDelegate.swift; sourceTree = "<group>"; };
		AC0DADFB2A2A05B500B7F4F9 /* RootCoordinator.swift */ = {isa = PBXFileReference; lastKnownFileType = sourcecode.swift; path = RootCoordinator.swift; sourceTree = "<group>"; };
		AC0DAE022A2A0A5B00B7F4F9 /* MainScreenCoordinator.swift */ = {isa = PBXFileReference; lastKnownFileType = sourcecode.swift; name = MainScreenCoordinator.swift; path = Project/MainScreenCoordinator.swift; sourceTree = SOURCE_ROOT; };
		AC0DAE042A2A0B0500B7F4F9 /* Coordinator.swift */ = {isa = PBXFileReference; lastKnownFileType = sourcecode.swift; path = Coordinator.swift; sourceTree = "<group>"; };
		ACD783602A3793F900B3D180 /* DataManager.swift */ = {isa = PBXFileReference; lastKnownFileType = sourcecode.swift; path = DataManager.swift; sourceTree = "<group>"; };
		ACF2F8192A12A691000DBDB4 /* MyLanguage.app */ = {isa = PBXFileReference; explicitFileType = wrapper.application; includeInIndex = 0; path = MyLanguage.app; sourceTree = BUILT_PRODUCTS_DIR; };
		ACF2F81C2A12A691000DBDB4 /* AppDelegate.swift */ = {isa = PBXFileReference; lastKnownFileType = sourcecode.swift; path = AppDelegate.swift; sourceTree = "<group>"; };
		ACF2F8252A12A693000DBDB4 /* Assets.xcassets */ = {isa = PBXFileReference; lastKnownFileType = folder.assetcatalog; path = Assets.xcassets; sourceTree = "<group>"; };
		ACF2F8282A12A693000DBDB4 /* Base */ = {isa = PBXFileReference; lastKnownFileType = file.storyboard; name = Base; path = Base.lproj/LaunchScreen.storyboard; sourceTree = "<group>"; };
		ACF2F82A2A12A693000DBDB4 /* Info.plist */ = {isa = PBXFileReference; lastKnownFileType = text.plist.xml; path = Info.plist; sourceTree = "<group>"; };
		ACF2F8302A178F4D000DBDB4 /* MainScreenFactory.swift */ = {isa = PBXFileReference; lastKnownFileType = sourcecode.swift; path = MainScreenFactory.swift; sourceTree = "<group>"; };
		ACF2F8312A178F4D000DBDB4 /* MainScreenViewController.swift */ = {isa = PBXFileReference; lastKnownFileType = sourcecode.swift; path = MainScreenViewController.swift; sourceTree = "<group>"; };
		ACF2F8322A178F4D000DBDB4 /* MainScreenAssembly.swift */ = {isa = PBXFileReference; lastKnownFileType = sourcecode.swift; path = MainScreenAssembly.swift; sourceTree = "<group>"; };
		ACF2F8332A178F4D000DBDB4 /* MainScreenInteractor.swift */ = {isa = PBXFileReference; lastKnownFileType = sourcecode.swift; path = MainScreenInteractor.swift; sourceTree = "<group>"; };
		ACF2F8342A178F4D000DBDB4 /* MainScreenView.swift */ = {isa = PBXFileReference; lastKnownFileType = sourcecode.swift; path = MainScreenView.swift; sourceTree = "<group>"; };
/* End PBXFileReference section */

/* Begin PBXFrameworksBuildPhase section */
		ACF2F8162A12A691000DBDB4 /* Frameworks */ = {
			isa = PBXFrameworksBuildPhase;
			buildActionMask = 2147483647;
			files = (
			);
			runOnlyForDeploymentPostprocessing = 0;
		};
/* End PBXFrameworksBuildPhase section */

/* Begin PBXGroup section */
		AC0DADFD2A2A098500B7F4F9 /* Modules */ = {
			isa = PBXGroup;
			children = (
				ACF2F83A2A178F86000DBDB4 /* MainScreenViewModule */,
			);
			path = Modules;
			sourceTree = "<group>";
		};
		AC0DADFE2A2A09B200B7F4F9 /* MainScreenCoordinator */ = {
			isa = PBXGroup;
			children = (
				AC0DAE022A2A0A5B00B7F4F9 /* MainScreenCoordinator.swift */,
			);
			path = MainScreenCoordinator;
			sourceTree = "<group>";
		};
		AC0DADFF2A2A09E000B7F4F9 /* App */ = {
			isa = PBXGroup;
			children = (
				AC0DAE012A2A0A0100B7F4F9 /* Navigation */,
				AC0DADFB2A2A05B500B7F4F9 /* RootCoordinator.swift */,
				AC0DAE042A2A0B0500B7F4F9 /* Coordinator.swift */,
				AC0DAE002A2A09EB00B7F4F9 /* Sources */,
			);
			path = App;
			sourceTree = "<group>";
		};
		AC0DAE002A2A09EB00B7F4F9 /* Sources */ = {
			isa = PBXGroup;
			children = (
				ACD7835F2A3793E200B3D180 /* ApplicationServices */,
				AC0DADFD2A2A098500B7F4F9 /* Modules */,
			);
			path = Sources;
			sourceTree = "<group>";
		};
		AC0DAE012A2A0A0100B7F4F9 /* Navigation */ = {
			isa = PBXGroup;
			children = (
				AC0DADFE2A2A09B200B7F4F9 /* MainScreenCoordinator */,
			);
			path = Navigation;
			sourceTree = "<group>";
		};
		ACD7835F2A3793E200B3D180 /* ApplicationServices */ = {
			isa = PBXGroup;
			children = (
				ACD783602A3793F900B3D180 /* DataManager.swift */,
			);
			path = ApplicationServices;
			sourceTree = "<group>";
		};
		ACF2F8102A12A691000DBDB4 = {
			isa = PBXGroup;
			children = (
				ACF2F81B2A12A691000DBDB4 /* Project */,
				ACF2F81A2A12A691000DBDB4 /* Products */,
			);
			sourceTree = "<group>";
		};
		ACF2F81A2A12A691000DBDB4 /* Products */ = {
			isa = PBXGroup;
			children = (
				ACF2F8192A12A691000DBDB4 /* MyLanguage.app */,
			);
			name = Products;
			sourceTree = "<group>";
		};
		ACF2F81B2A12A691000DBDB4 /* Project */ = {
			isa = PBXGroup;
			children = (
				AC0DADFF2A2A09E000B7F4F9 /* App */,
				ACF2F83B2A179040000DBDB4 /* System */,
				ACF2F83C2A17904E000DBDB4 /* Resources */,
			);
			path = Project;
			sourceTree = "<group>";
		};
		ACF2F83A2A178F86000DBDB4 /* MainScreenViewModule */ = {
			isa = PBXGroup;
			children = (
				ACF2F8302A178F4D000DBDB4 /* MainScreenFactory.swift */,
				ACF2F8312A178F4D000DBDB4 /* MainScreenViewController.swift */,
				ACF2F8322A178F4D000DBDB4 /* MainScreenAssembly.swift */,
				ACF2F8332A178F4D000DBDB4 /* MainScreenInteractor.swift */,
				ACF2F8342A178F4D000DBDB4 /* MainScreenView.swift */,
			);
			path = MainScreenViewModule;
			sourceTree = "<group>";
		};
		ACF2F83B2A179040000DBDB4 /* System */ = {
			isa = PBXGroup;
			children = (
				ACF2F81C2A12A691000DBDB4 /* AppDelegate.swift */,
				AC0DADF92A2A024600B7F4F9 /* SceneDelegate.swift */,
				ACF2F8272A12A693000DBDB4 /* LaunchScreen.storyboard */,
				ACF2F82A2A12A693000DBDB4 /* Info.plist */,
			);
			path = System;
			sourceTree = "<group>";
		};
		ACF2F83C2A17904E000DBDB4 /* Resources */ = {
			isa = PBXGroup;
			children = (
				ACF2F8252A12A693000DBDB4 /* Assets.xcassets */,
			);
			path = Resources;
			sourceTree = "<group>";
		};
/* End PBXGroup section */

/* Begin PBXNativeTarget section */
		ACF2F8182A12A691000DBDB4 /* MyLanguage */ = {
			isa = PBXNativeTarget;
			buildConfigurationList = ACF2F82D2A12A693000DBDB4 /* Build configuration list for PBXNativeTarget "MyLanguage" */;
			buildPhases = (
				ACF2F8152A12A691000DBDB4 /* Sources */,
				ACF2F8162A12A691000DBDB4 /* Frameworks */,
				ACF2F8172A12A691000DBDB4 /* Resources */,
			);
			buildRules = (
			);
			dependencies = (
			);
			name = MyLanguage;
			productName = MyLanguage;
			productReference = ACF2F8192A12A691000DBDB4 /* MyLanguage.app */;
			productType = "com.apple.product-type.application";
		};
/* End PBXNativeTarget section */

/* Begin PBXProject section */
		ACF2F8112A12A691000DBDB4 /* Project object */ = {
			isa = PBXProject;
			attributes = {
				BuildIndependentTargetsInParallel = 1;
				LastSwiftUpdateCheck = 1430;
				LastUpgradeCheck = 1430;
				TargetAttributes = {
					ACF2F8182A12A691000DBDB4 = {
						CreatedOnToolsVersion = 14.3;
					};
				};
			};
			buildConfigurationList = ACF2F8142A12A691000DBDB4 /* Build configuration list for PBXProject "MyLanguage" */;
			compatibilityVersion = "Xcode 14.0";
			developmentRegion = en;
			hasScannedForEncodings = 0;
			knownRegions = (
				en,
				Base,
			);
			mainGroup = ACF2F8102A12A691000DBDB4;
			productRefGroup = ACF2F81A2A12A691000DBDB4 /* Products */;
			projectDirPath = "";
			projectRoot = "";
			targets = (
				ACF2F8182A12A691000DBDB4 /* MyLanguage */,
			);
		};
/* End PBXProject section */

/* Begin PBXResourcesBuildPhase section */
		ACF2F8172A12A691000DBDB4 /* Resources */ = {
			isa = PBXResourcesBuildPhase;
			buildActionMask = 2147483647;
			files = (
				ACF2F8292A12A693000DBDB4 /* LaunchScreen.storyboard in Resources */,
				ACF2F8262A12A693000DBDB4 /* Assets.xcassets in Resources */,
			);
			runOnlyForDeploymentPostprocessing = 0;
		};
/* End PBXResourcesBuildPhase section */

/* Begin PBXSourcesBuildPhase section */
		ACF2F8152A12A691000DBDB4 /* Sources */ = {
			isa = PBXSourcesBuildPhase;
			buildActionMask = 2147483647;
			files = (
				ACF2F8352A178F4D000DBDB4 /* MainScreenFactory.swift in Sources */,
				AC0DADFA2A2A024600B7F4F9 /* SceneDelegate.swift in Sources */,
				AC0DAE052A2A0B0500B7F4F9 /* Coordinator.swift in Sources */,
				ACF2F8372A178F4D000DBDB4 /* MainScreenAssembly.swift in Sources */,
				ACF2F8392A178F4D000DBDB4 /* MainScreenView.swift in Sources */,
				ACF2F8362A178F4D000DBDB4 /* MainScreenViewController.swift in Sources */,
				AC0DADFC2A2A05B500B7F4F9 /* RootCoordinator.swift in Sources */,
				AC0DAE032A2A0A5B00B7F4F9 /* MainScreenCoordinator.swift in Sources */,
				ACD783612A3793F900B3D180 /* DataManager.swift in Sources */,
				ACF2F81D2A12A691000DBDB4 /* AppDelegate.swift in Sources */,
				ACF2F8382A178F4D000DBDB4 /* MainScreenInteractor.swift in Sources */,
			);
			runOnlyForDeploymentPostprocessing = 0;
		};
/* End PBXSourcesBuildPhase section */

/* Begin PBXVariantGroup section */
		ACF2F8272A12A693000DBDB4 /* LaunchScreen.storyboard */ = {
			isa = PBXVariantGroup;
			children = (
				ACF2F8282A12A693000DBDB4 /* Base */,
			);
			name = LaunchScreen.storyboard;
			sourceTree = "<group>";
		};
/* End PBXVariantGroup section */

/* Begin XCBuildConfiguration section */
		ACF2F82B2A12A693000DBDB4 /* Debug */ = {
			isa = XCBuildConfiguration;
			buildSettings = {
				ALWAYS_SEARCH_USER_PATHS = NO;
				CLANG_ANALYZER_NONNULL = YES;
				CLANG_ANALYZER_NUMBER_OBJECT_CONVERSION = YES_AGGRESSIVE;
				CLANG_CXX_LANGUAGE_STANDARD = "gnu++20";
				CLANG_ENABLE_MODULES = YES;
				CLANG_ENABLE_OBJC_ARC = YES;
				CLANG_ENABLE_OBJC_WEAK = YES;
				CLANG_WARN_BLOCK_CAPTURE_AUTORELEASING = YES;
				CLANG_WARN_BOOL_CONVERSION = YES;
				CLANG_WARN_COMMA = YES;
				CLANG_WARN_CONSTANT_CONVERSION = YES;
				CLANG_WARN_DEPRECATED_OBJC_IMPLEMENTATIONS = YES;
				CLANG_WARN_DIRECT_OBJC_ISA_USAGE = YES_ERROR;
				CLANG_WARN_DOCUMENTATION_COMMENTS = YES;
				CLANG_WARN_EMPTY_BODY = YES;
				CLANG_WARN_ENUM_CONVERSION = YES;
				CLANG_WARN_INFINITE_RECURSION = YES;
				CLANG_WARN_INT_CONVERSION = YES;
				CLANG_WARN_NON_LITERAL_NULL_CONVERSION = YES;
				CLANG_WARN_OBJC_IMPLICIT_RETAIN_SELF = YES;
				CLANG_WARN_OBJC_LITERAL_CONVERSION = YES;
				CLANG_WARN_OBJC_ROOT_CLASS = YES_ERROR;
				CLANG_WARN_QUOTED_INCLUDE_IN_FRAMEWORK_HEADER = YES;
				CLANG_WARN_RANGE_LOOP_ANALYSIS = YES;
				CLANG_WARN_STRICT_PROTOTYPES = YES;
				CLANG_WARN_SUSPICIOUS_MOVE = YES;
				CLANG_WARN_UNGUARDED_AVAILABILITY = YES_AGGRESSIVE;
				CLANG_WARN_UNREACHABLE_CODE = YES;
				CLANG_WARN__DUPLICATE_METHOD_MATCH = YES;
				COPY_PHASE_STRIP = NO;
				DEBUG_INFORMATION_FORMAT = dwarf;
				ENABLE_STRICT_OBJC_MSGSEND = YES;
				ENABLE_TESTABILITY = YES;
				GCC_C_LANGUAGE_STANDARD = gnu11;
				GCC_DYNAMIC_NO_PIC = NO;
				GCC_NO_COMMON_BLOCKS = YES;
				GCC_OPTIMIZATION_LEVEL = 0;
				GCC_PREPROCESSOR_DEFINITIONS = (
					"DEBUG=1",
					"$(inherited)",
				);
				GCC_WARN_64_TO_32_BIT_CONVERSION = YES;
				GCC_WARN_ABOUT_RETURN_TYPE = YES_ERROR;
				GCC_WARN_UNDECLARED_SELECTOR = YES;
				GCC_WARN_UNINITIALIZED_AUTOS = YES_AGGRESSIVE;
				GCC_WARN_UNUSED_FUNCTION = YES;
				GCC_WARN_UNUSED_VARIABLE = YES;
				IPHONEOS_DEPLOYMENT_TARGET = 14.0;
				MTL_ENABLE_DEBUG_INFO = INCLUDE_SOURCE;
				MTL_FAST_MATH = YES;
				ONLY_ACTIVE_ARCH = YES;
				SDKROOT = iphoneos;
				SWIFT_ACTIVE_COMPILATION_CONDITIONS = DEBUG;
				SWIFT_OPTIMIZATION_LEVEL = "-Onone";
			};
			name = Debug;
		};
		ACF2F82C2A12A693000DBDB4 /* Release */ = {
			isa = XCBuildConfiguration;
			buildSettings = {
				ALWAYS_SEARCH_USER_PATHS = NO;
				CLANG_ANALYZER_NONNULL = YES;
				CLANG_ANALYZER_NUMBER_OBJECT_CONVERSION = YES_AGGRESSIVE;
				CLANG_CXX_LANGUAGE_STANDARD = "gnu++20";
				CLANG_ENABLE_MODULES = YES;
				CLANG_ENABLE_OBJC_ARC = YES;
				CLANG_ENABLE_OBJC_WEAK = YES;
				CLANG_WARN_BLOCK_CAPTURE_AUTORELEASING = YES;
				CLANG_WARN_BOOL_CONVERSION = YES;
				CLANG_WARN_COMMA = YES;
				CLANG_WARN_CONSTANT_CONVERSION = YES;
				CLANG_WARN_DEPRECATED_OBJC_IMPLEMENTATIONS = YES;
				CLANG_WARN_DIRECT_OBJC_ISA_USAGE = YES_ERROR;
				CLANG_WARN_DOCUMENTATION_COMMENTS = YES;
				CLANG_WARN_EMPTY_BODY = YES;
				CLANG_WARN_ENUM_CONVERSION = YES;
				CLANG_WARN_INFINITE_RECURSION = YES;
				CLANG_WARN_INT_CONVERSION = YES;
				CLANG_WARN_NON_LITERAL_NULL_CONVERSION = YES;
				CLANG_WARN_OBJC_IMPLICIT_RETAIN_SELF = YES;
				CLANG_WARN_OBJC_LITERAL_CONVERSION = YES;
				CLANG_WARN_OBJC_ROOT_CLASS = YES_ERROR;
				CLANG_WARN_QUOTED_INCLUDE_IN_FRAMEWORK_HEADER = YES;
				CLANG_WARN_RANGE_LOOP_ANALYSIS = YES;
				CLANG_WARN_STRICT_PROTOTYPES = YES;
				CLANG_WARN_SUSPICIOUS_MOVE = YES;
				CLANG_WARN_UNGUARDED_AVAILABILITY = YES_AGGRESSIVE;
				CLANG_WARN_UNREACHABLE_CODE = YES;
				CLANG_WARN__DUPLICATE_METHOD_MATCH = YES;
				COPY_PHASE_STRIP = NO;
				DEBUG_INFORMATION_FORMAT = "dwarf-with-dsym";
				ENABLE_NS_ASSERTIONS = NO;
				ENABLE_STRICT_OBJC_MSGSEND = YES;
				GCC_C_LANGUAGE_STANDARD = gnu11;
				GCC_NO_COMMON_BLOCKS = YES;
				GCC_WARN_64_TO_32_BIT_CONVERSION = YES;
				GCC_WARN_ABOUT_RETURN_TYPE = YES_ERROR;
				GCC_WARN_UNDECLARED_SELECTOR = YES;
				GCC_WARN_UNINITIALIZED_AUTOS = YES_AGGRESSIVE;
				GCC_WARN_UNUSED_FUNCTION = YES;
				GCC_WARN_UNUSED_VARIABLE = YES;
				IPHONEOS_DEPLOYMENT_TARGET = 14.0;
				MTL_ENABLE_DEBUG_INFO = NO;
				MTL_FAST_MATH = YES;
				SDKROOT = iphoneos;
				SWIFT_COMPILATION_MODE = wholemodule;
				SWIFT_OPTIMIZATION_LEVEL = "-O";
				VALIDATE_PRODUCT = YES;
			};
			name = Release;
		};
		ACF2F82E2A12A693000DBDB4 /* Debug */ = {
			isa = XCBuildConfiguration;
			buildSettings = {
				ASSETCATALOG_COMPILER_APPICON_NAME = AppIcon;
				ASSETCATALOG_COMPILER_GLOBAL_ACCENT_COLOR_NAME = AccentColor;
				CODE_SIGN_STYLE = Automatic;
				CURRENT_PROJECT_VERSION = 1;
				DEVELOPMENT_TEAM = QQ7NB58NL6;
				GENERATE_INFOPLIST_FILE = YES;
				INFOPLIST_FILE = Project/System/Info.plist;
				INFOPLIST_KEY_UIApplicationSupportsIndirectInputEvents = YES;
				INFOPLIST_KEY_UILaunchStoryboardName = LaunchScreen;
				INFOPLIST_KEY_UISupportedInterfaceOrientations = UIInterfaceOrientationPortrait;
				INFOPLIST_KEY_UISupportedInterfaceOrientations_iPad = "UIInterfaceOrientationLandscapeLeft UIInterfaceOrientationLandscapeRight UIInterfaceOrientationPortrait UIInterfaceOrientationPortraitUpsideDown";
				IPHONEOS_DEPLOYMENT_TARGET = 14.0;
				LD_RUNPATH_SEARCH_PATHS = (
					"$(inherited)",
					"@executable_path/Frameworks",
				);
				MARKETING_VERSION = 1.0;
				PRODUCT_BUNDLE_IDENTIFIER = PavlovAA.MyLanguage;
				PRODUCT_NAME = "$(TARGET_NAME)";
				SUPPORTED_PLATFORMS = "iphoneos iphonesimulator";
				SUPPORTS_MACCATALYST = NO;
				SUPPORTS_MAC_DESIGNED_FOR_IPHONE_IPAD = NO;
				SWIFT_EMIT_LOC_STRINGS = YES;
				SWIFT_VERSION = 5.0;
				TARGETED_DEVICE_FAMILY = 1;
			};
			name = Debug;
		};
		ACF2F82F2A12A693000DBDB4 /* Release */ = {
			isa = XCBuildConfiguration;
			buildSettings = {
				ASSETCATALOG_COMPILER_APPICON_NAME = AppIcon;
				ASSETCATALOG_COMPILER_GLOBAL_ACCENT_COLOR_NAME = AccentColor;
				CODE_SIGN_STYLE = Automatic;
				CURRENT_PROJECT_VERSION = 1;
				DEVELOPMENT_TEAM = QQ7NB58NL6;
				GENERATE_INFOPLIST_FILE = YES;
				INFOPLIST_FILE = Project/System/Info.plist;
				INFOPLIST_KEY_UIApplicationSupportsIndirectInputEvents = YES;
				INFOPLIST_KEY_UILaunchStoryboardName = LaunchScreen;
				INFOPLIST_KEY_UISupportedInterfaceOrientations = UIInterfaceOrientationPortrait;
				INFOPLIST_KEY_UISupportedInterfaceOrientations_iPad = "UIInterfaceOrientationLandscapeLeft UIInterfaceOrientationLandscapeRight UIInterfaceOrientationPortrait UIInterfaceOrientationPortraitUpsideDown";
				IPHONEOS_DEPLOYMENT_TARGET = 14.0;
				LD_RUNPATH_SEARCH_PATHS = (
					"$(inherited)",
					"@executable_path/Frameworks",
				);
				MARKETING_VERSION = 1.0;
				PRODUCT_BUNDLE_IDENTIFIER = PavlovAA.MyLanguage;
				PRODUCT_NAME = "$(TARGET_NAME)";
				SUPPORTED_PLATFORMS = "iphoneos iphonesimulator";
				SUPPORTS_MACCATALYST = NO;
				SUPPORTS_MAC_DESIGNED_FOR_IPHONE_IPAD = NO;
				SWIFT_EMIT_LOC_STRINGS = YES;
				SWIFT_VERSION = 5.0;
				TARGETED_DEVICE_FAMILY = 1;
			};
			name = Release;
		};
/* End XCBuildConfiguration section */

/* Begin XCConfigurationList section */
		ACF2F8142A12A691000DBDB4 /* Build configuration list for PBXProject "MyLanguage" */ = {
			isa = XCConfigurationList;
			buildConfigurations = (
				ACF2F82B2A12A693000DBDB4 /* Debug */,
				ACF2F82C2A12A693000DBDB4 /* Release */,
			);
			defaultConfigurationIsVisible = 0;
			defaultConfigurationName = Release;
		};
		ACF2F82D2A12A693000DBDB4 /* Build configuration list for PBXNativeTarget "MyLanguage" */ = {
			isa = XCConfigurationList;
			buildConfigurations = (
				ACF2F82E2A12A693000DBDB4 /* Debug */,
				ACF2F82F2A12A693000DBDB4 /* Release */,
			);
			defaultConfigurationIsVisible = 0;
			defaultConfigurationName = Release;
		};
/* End XCConfigurationList section */
	};
	rootObject = ACF2F8112A12A691000DBDB4 /* Project object */;
}
